{
  "name": "emojistack",
  "version": "0.1.0",
  "lockfileVersion": 3,
  "requires": true,
  "packages": {
    "": {
      "name": "emojistack",
      "version": "0.1.0",
      "license": "MIT",
      "dependencies": {
        "unicode-emoji-json": "^0.8.0"
      }
    },
    "node_modules/unicode-emoji-json": {
      "version": "0.8.0",
      "resolved": "https://registry.npmjs.org/unicode-emoji-json/-/unicode-emoji-json-0.8.0.tgz",
      "integrity": "sha512-3wDXXvp6YGoKGhS2O2H7+V+bYduOBydN1lnI0uVfr1cIdY02uFFiEH1i3kE5CCE4l6UqbLKVmEFW9USxTAMD1g==",
      "license": "MIT"
    }
  }
}
